// !$*UTF8*$!
{
	archiveVersion = 1;
	classes = {
	};
	objectVersion = 55;
	objects = {

/* Begin PBXBuildFile section */
		A024866427BA6898000A9D8A /* AppDelegate.swift in Sources */ = {isa = PBXBuildFile; fileRef = A024866327BA6898000A9D8A /* AppDelegate.swift */; };
		A024866627BA6898000A9D8A /* SceneDelegate.swift in Sources */ = {isa = PBXBuildFile; fileRef = A024866527BA6898000A9D8A /* SceneDelegate.swift */; };
		A024866827BA6898000A9D8A /* ViewController.swift in Sources */ = {isa = PBXBuildFile; fileRef = A024866727BA6898000A9D8A /* ViewController.swift */; };
		A024866B27BA6898000A9D8A /* Main.storyboard in Resources */ = {isa = PBXBuildFile; fileRef = A024866927BA6898000A9D8A /* Main.storyboard */; };
		A024866D27BA689C000A9D8A /* Assets.xcassets in Resources */ = {isa = PBXBuildFile; fileRef = A024866C27BA689C000A9D8A /* Assets.xcassets */; };
		A024867027BA689C000A9D8A /* LaunchScreen.storyboard in Resources */ = {isa = PBXBuildFile; fileRef = A024866E27BA689C000A9D8A /* LaunchScreen.storyboard */; };
		A024867B27BA689C000A9D8A /* RecipeHelper_MVVMTests.swift in Sources */ = {isa = PBXBuildFile; fileRef = A024867A27BA689C000A9D8A /* RecipeHelper_MVVMTests.swift */; };
		A024868527BA689C000A9D8A /* RecipeHelper_MVVMUITests.swift in Sources */ = {isa = PBXBuildFile; fileRef = A024868427BA689C000A9D8A /* RecipeHelper_MVVMUITests.swift */; };
		A024868727BA689C000A9D8A /* RecipeHelper_MVVMUITestsLaunchTests.swift in Sources */ = {isa = PBXBuildFile; fileRef = A024868627BA689C000A9D8A /* RecipeHelper_MVVMUITestsLaunchTests.swift */; };
/* End PBXBuildFile section */

/* Begin PBXContainerItemProxy section */
		A024867727BA689C000A9D8A /* PBXContainerItemProxy */ = {
			isa = PBXContainerItemProxy;
			containerPortal = A024865827BA6898000A9D8A /* Project object */;
			proxyType = 1;
			remoteGlobalIDString = A024865F27BA6898000A9D8A;
			remoteInfo = RecipeHelper_MVVM;
		};
		A024868127BA689C000A9D8A /* PBXContainerItemProxy */ = {
			isa = PBXContainerItemProxy;
			containerPortal = A024865827BA6898000A9D8A /* Project object */;
			proxyType = 1;
			remoteGlobalIDString = A024865F27BA6898000A9D8A;
			remoteInfo = RecipeHelper_MVVM;
		};
/* End PBXContainerItemProxy section */

/* Begin PBXFileReference section */
		A024866027BA6898000A9D8A /* RecipeHelper_MVVM.app */ = {isa = PBXFileReference; explicitFileType = wrapper.application; includeInIndex = 0; path = RecipeHelper_MVVM.app; sourceTree = BUILT_PRODUCTS_DIR; };
		A024866327BA6898000A9D8A /* AppDelegate.swift */ = {isa = PBXFileReference; lastKnownFileType = sourcecode.swift; path = AppDelegate.swift; sourceTree = "<group>"; };
		A024866527BA6898000A9D8A /* SceneDelegate.swift */ = {isa = PBXFileReference; lastKnownFileType = sourcecode.swift; path = SceneDelegate.swift; sourceTree = "<group>"; };
		A024866727BA6898000A9D8A /* ViewController.swift */ = {isa = PBXFileReference; lastKnownFileType = sourcecode.swift; path = ViewController.swift; sourceTree = "<group>"; };
		A024866A27BA6898000A9D8A /* Base */ = {isa = PBXFileReference; lastKnownFileType = file.storyboard; name = Base; path = Base.lproj/Main.storyboard; sourceTree = "<group>"; };
		A024866C27BA689C000A9D8A /* Assets.xcassets */ = {isa = PBXFileReference; lastKnownFileType = folder.assetcatalog; path = Assets.xcassets; sourceTree = "<group>"; };
		A024866F27BA689C000A9D8A /* Base */ = {isa = PBXFileReference; lastKnownFileType = file.storyboard; name = Base; path = Base.lproj/LaunchScreen.storyboard; sourceTree = "<group>"; };
		A024867127BA689C000A9D8A /* Info.plist */ = {isa = PBXFileReference; lastKnownFileType = text.plist.xml; path = Info.plist; sourceTree = "<group>"; };
		A024867627BA689C000A9D8A /* RecipeHelper_MVVMTests.xctest */ = {isa = PBXFileReference; explicitFileType = wrapper.cfbundle; includeInIndex = 0; path = RecipeHelper_MVVMTests.xctest; sourceTree = BUILT_PRODUCTS_DIR; };
		A024867A27BA689C000A9D8A /* RecipeHelper_MVVMTests.swift */ = {isa = PBXFileReference; lastKnownFileType = sourcecode.swift; path = RecipeHelper_MVVMTests.swift; sourceTree = "<group>"; };
		A024868027BA689C000A9D8A /* RecipeHelper_MVVMUITests.xctest */ = {isa = PBXFileReference; explicitFileType = wrapper.cfbundle; includeInIndex = 0; path = RecipeHelper_MVVMUITests.xctest; sourceTree = BUILT_PRODUCTS_DIR; };
		A024868427BA689C000A9D8A /* RecipeHelper_MVVMUITests.swift */ = {isa = PBXFileReference; lastKnownFileType = sourcecode.swift; path = RecipeHelper_MVVMUITests.swift; sourceTree = "<group>"; };
		A024868627BA689C000A9D8A /* RecipeHelper_MVVMUITestsLaunchTests.swift */ = {isa = PBXFileReference; lastKnownFileType = sourcecode.swift; path = RecipeHelper_MVVMUITestsLaunchTests.swift; sourceTree = "<group>"; };
/* End PBXFileReference section */

/* Begin PBXFrameworksBuildPhase section */
		A024865D27BA6898000A9D8A /* Frameworks */ = {
			isa = PBXFrameworksBuildPhase;
			buildActionMask = 2147483647;
			files = (
			);
			runOnlyForDeploymentPostprocessing = 0;
		};
		A024867327BA689C000A9D8A /* Frameworks */ = {
			isa = PBXFrameworksBuildPhase;
			buildActionMask = 2147483647;
			files = (
			);
			runOnlyForDeploymentPostprocessing = 0;
		};
		A024867D27BA689C000A9D8A /* Frameworks */ = {
			isa = PBXFrameworksBuildPhase;
			buildActionMask = 2147483647;
			files = (
			);
			runOnlyForDeploymentPostprocessing = 0;
		};
/* End PBXFrameworksBuildPhase section */

/* Begin PBXGroup section */
		A024865727BA6898000A9D8A = {
			isa = PBXGroup;
			children = (
				A024866227BA6898000A9D8A /* RecipeHelper_MVVM */,
				A024867927BA689C000A9D8A /* RecipeHelper_MVVMTests */,
				A024868327BA689C000A9D8A /* RecipeHelper_MVVMUITests */,
				A024866127BA6898000A9D8A /* Products */,
			);
			sourceTree = "<group>";
		};
		A024866127BA6898000A9D8A /* Products */ = {
			isa = PBXGroup;
			children = (
				A024866027BA6898000A9D8A /* RecipeHelper_MVVM.app */,
				A024867627BA689C000A9D8A /* RecipeHelper_MVVMTests.xctest */,
				A024868027BA689C000A9D8A /* RecipeHelper_MVVMUITests.xctest */,
			);
			name = Products;
			sourceTree = "<group>";
		};
		A024866227BA6898000A9D8A /* RecipeHelper_MVVM */ = {
			isa = PBXGroup;
			children = (
				A024866327BA6898000A9D8A /* AppDelegate.swift */,
				A024866527BA6898000A9D8A /* SceneDelegate.swift */,
				A024866727BA6898000A9D8A /* ViewController.swift */,
				A024866927BA6898000A9D8A /* Main.storyboard */,
				A024866C27BA689C000A9D8A /* Assets.xcassets */,
				A024866E27BA689C000A9D8A /* LaunchScreen.storyboard */,
				A024867127BA689C000A9D8A /* Info.plist */,
			);
			path = RecipeHelper_MVVM;
			sourceTree = "<group>";
		};
		A024867927BA689C000A9D8A /* RecipeHelper_MVVMTests */ = {
			isa = PBXGroup;
			children = (
				A024867A27BA689C000A9D8A /* RecipeHelper_MVVMTests.swift */,
			);
			path = RecipeHelper_MVVMTests;
			sourceTree = "<group>";
		};
		A024868327BA689C000A9D8A /* RecipeHelper_MVVMUITests */ = {
			isa = PBXGroup;
			children = (
				A024868427BA689C000A9D8A /* RecipeHelper_MVVMUITests.swift */,
				A024868627BA689C000A9D8A /* RecipeHelper_MVVMUITestsLaunchTests.swift */,
			);
			path = RecipeHelper_MVVMUITests;
			sourceTree = "<group>";
		};
/* End PBXGroup section */

/* Begin PBXNativeTarget section */
		A024865F27BA6898000A9D8A /* RecipeHelper_MVVM */ = {
			isa = PBXNativeTarget;
			buildConfigurationList = A024868A27BA689C000A9D8A /* Build configuration list for PBXNativeTarget "RecipeHelper_MVVM" */;
			buildPhases = (
				A024865C27BA6898000A9D8A /* Sources */,
				A024865D27BA6898000A9D8A /* Frameworks */,
				A024865E27BA6898000A9D8A /* Resources */,
			);
			buildRules = (
			);
			dependencies = (
			);
			name = RecipeHelper_MVVM;
			productName = RecipeHelper_MVVM;
			productReference = A024866027BA6898000A9D8A /* RecipeHelper_MVVM.app */;
			productType = "com.apple.product-type.application";
		};
		A024867527BA689C000A9D8A /* RecipeHelper_MVVMTests */ = {
			isa = PBXNativeTarget;
			buildConfigurationList = A024868D27BA689C000A9D8A /* Build configuration list for PBXNativeTarget "RecipeHelper_MVVMTests" */;
			buildPhases = (
				A024867227BA689C000A9D8A /* Sources */,
				A024867327BA689C000A9D8A /* Frameworks */,
				A024867427BA689C000A9D8A /* Resources */,
			);
			buildRules = (
			);
			dependencies = (
				A024867827BA689C000A9D8A /* PBXTargetDependency */,
			);
			name = RecipeHelper_MVVMTests;
			productName = RecipeHelper_MVVMTests;
			productReference = A024867627BA689C000A9D8A /* RecipeHelper_MVVMTests.xctest */;
			productType = "com.apple.product-type.bundle.unit-test";
		};
		A024867F27BA689C000A9D8A /* RecipeHelper_MVVMUITests */ = {
			isa = PBXNativeTarget;
			buildConfigurationList = A024869027BA689C000A9D8A /* Build configuration list for PBXNativeTarget "RecipeHelper_MVVMUITests" */;
			buildPhases = (
				A024867C27BA689C000A9D8A /* Sources */,
				A024867D27BA689C000A9D8A /* Frameworks */,
				A024867E27BA689C000A9D8A /* Resources */,
			);
			buildRules = (
			);
			dependencies = (
				A024868227BA689C000A9D8A /* PBXTargetDependency */,
			);
			name = RecipeHelper_MVVMUITests;
			productName = RecipeHelper_MVVMUITests;
			productReference = A024868027BA689C000A9D8A /* RecipeHelper_MVVMUITests.xctest */;
			productType = "com.apple.product-type.bundle.ui-testing";
		};
/* End PBXNativeTarget section */

/* Begin PBXProject section */
		A024865827BA6898000A9D8A /* Project object */ = {
			isa = PBXProject;
			attributes = {
				BuildIndependentTargetsInParallel = 1;
				LastSwiftUpdateCheck = 1320;
				LastUpgradeCheck = 1320;
				TargetAttributes = {
					A024865F27BA6898000A9D8A = {
						CreatedOnToolsVersion = 13.2.1;
					};
					A024867527BA689C000A9D8A = {
						CreatedOnToolsVersion = 13.2.1;
						TestTargetID = A024865F27BA6898000A9D8A;
					};
					A024867F27BA689C000A9D8A = {
						CreatedOnToolsVersion = 13.2.1;
						TestTargetID = A024865F27BA6898000A9D8A;
					};
				};
			};
			buildConfigurationList = A024865B27BA6898000A9D8A /* Build configuration list for PBXProject "RecipeHelper_MVVM" */;
			compatibilityVersion = "Xcode 13.0";
			developmentRegion = en;
			hasScannedForEncodings = 0;
			knownRegions = (
				en,
				Base,
			);
			mainGroup = A024865727BA6898000A9D8A;
			productRefGroup = A024866127BA6898000A9D8A /* Products */;
			projectDirPath = "";
			projectRoot = "";
			targets = (
				A024865F27BA6898000A9D8A /* RecipeHelper_MVVM */,
				A024867527BA689C000A9D8A /* RecipeHelper_MVVMTests */,
				A024867F27BA689C000A9D8A /* RecipeHelper_MVVMUITests */,
			);
		};
/* End PBXProject section */

/* Begin PBXResourcesBuildPhase section */
		A024865E27BA6898000A9D8A /* Resources */ = {
			isa = PBXResourcesBuildPhase;
			buildActionMask = 2147483647;
			files = (
				A024867027BA689C000A9D8A /* LaunchScreen.storyboard in Resources */,
				A024866D27BA689C000A9D8A /* Assets.xcassets in Resources */,
				A024866B27BA6898000A9D8A /* Main.storyboard in Resources */,
			);
			runOnlyForDeploymentPostprocessing = 0;
		};
		A024867427BA689C000A9D8A /* Resources */ = {
			isa = PBXResourcesBuildPhase;
			buildActionMask = 2147483647;
			files = (
			);
			runOnlyForDeploymentPostprocessing = 0;
		};
		A024867E27BA689C000A9D8A /* Resources */ = {
			isa = PBXResourcesBuildPhase;
			buildActionMask = 2147483647;
			files = (
			);
			runOnlyForDeploymentPostprocessing = 0;
		};
/* End PBXResourcesBuildPhase section */

/* Begin PBXSourcesBuildPhase section */
		A024865C27BA6898000A9D8A /* Sources */ = {
			isa = PBXSourcesBuildPhase;
			buildActionMask = 2147483647;
			files = (
				A024866827BA6898000A9D8A /* ViewController.swift in Sources */,
				A024866427BA6898000A9D8A /* AppDelegate.swift in Sources */,
				A024866627BA6898000A9D8A /* SceneDelegate.swift in Sources */,
			);
			runOnlyForDeploymentPostprocessing = 0;
		};
		A024867227BA689C000A9D8A /* Sources */ = {
			isa = PBXSourcesBuildPhase;
			buildActionMask = 2147483647;
			files = (
				A024867B27BA689C000A9D8A /* RecipeHelper_MVVMTests.swift in Sources */,
			);
			runOnlyForDeploymentPostprocessing = 0;
		};
		A024867C27BA689C000A9D8A /* Sources */ = {
			isa = PBXSourcesBuildPhase;
			buildActionMask = 2147483647;
			files = (
				A024868727BA689C000A9D8A /* RecipeHelper_MVVMUITestsLaunchTests.swift in Sources */,
				A024868527BA689C000A9D8A /* RecipeHelper_MVVMUITests.swift in Sources */,
			);
			runOnlyForDeploymentPostprocessing = 0;
		};
/* End PBXSourcesBuildPhase section */

/* Begin PBXTargetDependency section */
		A024867827BA689C000A9D8A /* PBXTargetDependency */ = {
			isa = PBXTargetDependency;
			target = A024865F27BA6898000A9D8A /* RecipeHelper_MVVM */;
			targetProxy = A024867727BA689C000A9D8A /* PBXContainerItemProxy */;
		};
		A024868227BA689C000A9D8A /* PBXTargetDependency */ = {
			isa = PBXTargetDependency;
			target = A024865F27BA6898000A9D8A /* RecipeHelper_MVVM */;
			targetProxy = A024868127BA689C000A9D8A /* PBXContainerItemProxy */;
		};
/* End PBXTargetDependency section */

/* Begin PBXVariantGroup section */
		A024866927BA6898000A9D8A /* Main.storyboard */ = {
			isa = PBXVariantGroup;
			children = (
				A024866A27BA6898000A9D8A /* Base */,
			);
			name = Main.storyboard;
			sourceTree = "<group>";
		};
		A024866E27BA689C000A9D8A /* LaunchScreen.storyboard */ = {
			isa = PBXVariantGroup;
			children = (
				A024866F27BA689C000A9D8A /* Base */,
			);
			name = LaunchScreen.storyboard;
			sourceTree = "<group>";
		};
/* End PBXVariantGroup section */

/* Begin XCBuildConfiguration section */
		A024868827BA689C000A9D8A /* Debug */ = {
			isa = XCBuildConfiguration;
			buildSettings = {
				ALWAYS_SEARCH_USER_PATHS = NO;
				CLANG_ANALYZER_NONNULL = YES;
				CLANG_ANALYZER_NUMBER_OBJECT_CONVERSION = YES_AGGRESSIVE;
				CLANG_CXX_LANGUAGE_STANDARD = "gnu++17";
				CLANG_CXX_LIBRARY = "libc++";
				CLANG_ENABLE_MODULES = YES;
				CLANG_ENABLE_OBJC_ARC = YES;
				CLANG_ENABLE_OBJC_WEAK = YES;
				CLANG_WARN_BLOCK_CAPTURE_AUTORELEASING = YES;
				CLANG_WARN_BOOL_CONVERSION = YES;
				CLANG_WARN_COMMA = YES;
				CLANG_WARN_CONSTANT_CONVERSION = YES;
				CLANG_WARN_DEPRECATED_OBJC_IMPLEMENTATIONS = YES;
				CLANG_WARN_DIRECT_OBJC_ISA_USAGE = YES_ERROR;
				CLANG_WARN_DOCUMENTATION_COMMENTS = YES;
				CLANG_WARN_EMPTY_BODY = YES;
				CLANG_WARN_ENUM_CONVERSION = YES;
				CLANG_WARN_INFINITE_RECURSION = YES;
				CLANG_WARN_INT_CONVERSION = YES;
				CLANG_WARN_NON_LITERAL_NULL_CONVERSION = YES;
				CLANG_WARN_OBJC_IMPLICIT_RETAIN_SELF = YES;
				CLANG_WARN_OBJC_LITERAL_CONVERSION = YES;
				CLANG_WARN_OBJC_ROOT_CLASS = YES_ERROR;
				CLANG_WARN_QUOTED_INCLUDE_IN_FRAMEWORK_HEADER = YES;
				CLANG_WARN_RANGE_LOOP_ANALYSIS = YES;
				CLANG_WARN_STRICT_PROTOTYPES = YES;
				CLANG_WARN_SUSPICIOUS_MOVE = YES;
				CLANG_WARN_UNGUARDED_AVAILABILITY = YES_AGGRESSIVE;
				CLANG_WARN_UNREACHABLE_CODE = YES;
				CLANG_WARN__DUPLICATE_METHOD_MATCH = YES;
				COPY_PHASE_STRIP = NO;
				DEBUG_INFORMATION_FORMAT = dwarf;
				ENABLE_STRICT_OBJC_MSGSEND = YES;
				ENABLE_TESTABILITY = YES;
				GCC_C_LANGUAGE_STANDARD = gnu11;
				GCC_DYNAMIC_NO_PIC = NO;
				GCC_NO_COMMON_BLOCKS = YES;
				GCC_OPTIMIZATION_LEVEL = 0;
				GCC_PREPROCESSOR_DEFINITIONS = (
					"DEBUG=1",
					"$(inherited)",
				);
				GCC_WARN_64_TO_32_BIT_CONVERSION = YES;
				GCC_WARN_ABOUT_RETURN_TYPE = YES_ERROR;
				GCC_WARN_UNDECLARED_SELECTOR = YES;
				GCC_WARN_UNINITIALIZED_AUTOS = YES_AGGRESSIVE;
				GCC_WARN_UNUSED_FUNCTION = YES;
				GCC_WARN_UNUSED_VARIABLE = YES;
				IPHONEOS_DEPLOYMENT_TARGET = 15.2;
				MTL_ENABLE_DEBUG_INFO = INCLUDE_SOURCE;
				MTL_FAST_MATH = YES;
				ONLY_ACTIVE_ARCH = YES;
				SDKROOT = iphoneos;
				SWIFT_ACTIVE_COMPILATION_CONDITIONS = DEBUG;
				SWIFT_OPTIMIZATION_LEVEL = "-Onone";
			};
			name = Debug;
		};
		A024868927BA689C000A9D8A /* Release */ = {
			isa = XCBuildConfiguration;
			buildSettings = {
				ALWAYS_SEARCH_USER_PATHS = NO;
				CLANG_ANALYZER_NONNULL = YES;
				CLANG_ANALYZER_NUMBER_OBJECT_CONVERSION = YES_AGGRESSIVE;
				CLANG_CXX_LANGUAGE_STANDARD = "gnu++17";
				CLANG_CXX_LIBRARY = "libc++";
				CLANG_ENABLE_MODULES = YES;
				CLANG_ENABLE_OBJC_ARC = YES;
				CLANG_ENABLE_OBJC_WEAK = YES;
				CLANG_WARN_BLOCK_CAPTURE_AUTORELEASING = YES;
				CLANG_WARN_BOOL_CONVERSION = YES;
				CLANG_WARN_COMMA = YES;
				CLANG_WARN_CONSTANT_CONVERSION = YES;
				CLANG_WARN_DEPRECATED_OBJC_IMPLEMENTATIONS = YES;
				CLANG_WARN_DIRECT_OBJC_ISA_USAGE = YES_ERROR;
				CLANG_WARN_DOCUMENTATION_COMMENTS = YES;
				CLANG_WARN_EMPTY_BODY = YES;
				CLANG_WARN_ENUM_CONVERSION = YES;
				CLANG_WARN_INFINITE_RECURSION = YES;
				CLANG_WARN_INT_CONVERSION = YES;
				CLANG_WARN_NON_LITERAL_NULL_CONVERSION = YES;
				CLANG_WARN_OBJC_IMPLICIT_RETAIN_SELF = YES;
				CLANG_WARN_OBJC_LITERAL_CONVERSION = YES;
				CLANG_WARN_OBJC_ROOT_CLASS = YES_ERROR;
				CLANG_WARN_QUOTED_INCLUDE_IN_FRAMEWORK_HEADER = YES;
				CLANG_WARN_RANGE_LOOP_ANALYSIS = YES;
				CLANG_WARN_STRICT_PROTOTYPES = YES;
				CLANG_WARN_SUSPICIOUS_MOVE = YES;
				CLANG_WARN_UNGUARDED_AVAILABILITY = YES_AGGRESSIVE;
				CLANG_WARN_UNREACHABLE_CODE = YES;
				CLANG_WARN__DUPLICATE_METHOD_MATCH = YES;
				COPY_PHASE_STRIP = NO;
				DEBUG_INFORMATION_FORMAT = "dwarf-with-dsym";
				ENABLE_NS_ASSERTIONS = NO;
				ENABLE_STRICT_OBJC_MSGSEND = YES;
				GCC_C_LANGUAGE_STANDARD = gnu11;
				GCC_NO_COMMON_BLOCKS = YES;
				GCC_WARN_64_TO_32_BIT_CONVERSION = YES;
				GCC_WARN_ABOUT_RETURN_TYPE = YES_ERROR;
				GCC_WARN_UNDECLARED_SELECTOR = YES;
				GCC_WARN_UNINITIALIZED_AUTOS = YES_AGGRESSIVE;
				GCC_WARN_UNUSED_FUNCTION = YES;
				GCC_WARN_UNUSED_VARIABLE = YES;
				IPHONEOS_DEPLOYMENT_TARGET = 15.2;
				MTL_ENABLE_DEBUG_INFO = NO;
				MTL_FAST_MATH = YES;
				SDKROOT = iphoneos;
				SWIFT_COMPILATION_MODE = wholemodule;
				SWIFT_OPTIMIZATION_LEVEL = "-O";
				VALIDATE_PRODUCT = YES;
			};
			name = Release;
		};
		A024868B27BA689C000A9D8A /* Debug */ = {
			isa = XCBuildConfiguration;
			buildSettings = {
				ASSETCATALOG_COMPILER_APPICON_NAME = AppIcon;
				ASSETCATALOG_COMPILER_GLOBAL_ACCENT_COLOR_NAME = AccentColor;
				CODE_SIGN_STYLE = Automatic;
				CURRENT_PROJECT_VERSION = 1;
				DEVELOPMENT_TEAM = FH3L66WWHF;
				GENERATE_INFOPLIST_FILE = YES;
				INFOPLIST_FILE = RecipeHelper_MVVM/Info.plist;
				INFOPLIST_KEY_UIApplicationSupportsIndirectInputEvents = YES;
				INFOPLIST_KEY_UILaunchStoryboardName = LaunchScreen;
				INFOPLIST_KEY_UIMainStoryboardFile = Main;
				INFOPLIST_KEY_UISupportedInterfaceOrientations_iPad = "UIInterfaceOrientationPortrait UIInterfaceOrientationPortraitUpsideDown UIInterfaceOrientationLandscapeLeft UIInterfaceOrientationLandscapeRight";
				INFOPLIST_KEY_UISupportedInterfaceOrientations_iPhone = "UIInterfaceOrientationPortrait UIInterfaceOrientationLandscapeLeft UIInterfaceOrientationLandscapeRight";
				LD_RUNPATH_SEARCH_PATHS = (
					"$(inherited)",
					"@executable_path/Frameworks",
				);
				MARKETING_VERSION = 1.0;
				PRODUCT_BUNDLE_IDENTIFIER = "appantik.RecipeHelper-MVVM";
				PRODUCT_NAME = "$(TARGET_NAME)";
				SWIFT_EMIT_LOC_STRINGS = YES;
				SWIFT_VERSION = 5.0;
				TARGETED_DEVICE_FAMILY = "1,2";
			};
			name = Debug;
		};
		A024868C27BA689C000A9D8A /* Release */ = {
			isa = XCBuildConfiguration;
			buildSettings = {
				ASSETCATALOG_COMPILER_APPICON_NAME = AppIcon;
				ASSETCATALOG_COMPILER_GLOBAL_ACCENT_COLOR_NAME = AccentColor;
				CODE_SIGN_STYLE = Automatic;
				CURRENT_PROJECT_VERSION = 1;
				DEVELOPMENT_TEAM = FH3L66WWHF;
				GENERATE_INFOPLIST_FILE = YES;
				INFOPLIST_FILE = RecipeHelper_MVVM/Info.plist;
				INFOPLIST_KEY_UIApplicationSupportsIndirectInputEvents = YES;
				INFOPLIST_KEY_UILaunchStoryboardName = LaunchScreen;
				INFOPLIST_KEY_UIMainStoryboardFile = Main;
				INFOPLIST_KEY_UISupportedInterfaceOrientations_iPad = "UIInterfaceOrientationPortrait UIInterfaceOrientationPortraitUpsideDown UIInterfaceOrientationLandscapeLeft UIInterfaceOrientationLandscapeRight";
				INFOPLIST_KEY_UISupportedInterfaceOrientations_iPhone = "UIInterfaceOrientationPortrait UIInterfaceOrientationLandscapeLeft UIInterfaceOrientationLandscapeRight";
				LD_RUNPATH_SEARCH_PATHS = (
					"$(inherited)",
					"@executable_path/Frameworks",
				);
				MARKETING_VERSION = 1.0;
				PRODUCT_BUNDLE_IDENTIFIER = "appantik.RecipeHelper-MVVM";
				PRODUCT_NAME = "$(TARGET_NAME)";
				SWIFT_EMIT_LOC_STRINGS = YES;
				SWIFT_VERSION = 5.0;
				TARGETED_DEVICE_FAMILY = "1,2";
			};
			name = Release;
		};
		A024868E27BA689C000A9D8A /* Debug */ = {
			isa = XCBuildConfiguration;
			buildSettings = {
				ALWAYS_EMBED_SWIFT_STANDARD_LIBRARIES = YES;
				BUNDLE_LOADER = "$(TEST_HOST)";
				CODE_SIGN_STYLE = Automatic;
				CURRENT_PROJECT_VERSION = 1;
				DEVELOPMENT_TEAM = FH3L66WWHF;
				GENERATE_INFOPLIST_FILE = YES;
				IPHONEOS_DEPLOYMENT_TARGET = 15.2;
				MARKETING_VERSION = 1.0;
				PRODUCT_BUNDLE_IDENTIFIER = "appantik.RecipeHelper-MVVMTests";
				PRODUCT_NAME = "$(TARGET_NAME)";
				SWIFT_EMIT_LOC_STRINGS = NO;
				SWIFT_VERSION = 5.0;
				TARGETED_DEVICE_FAMILY = "1,2";
				TEST_HOST = "$(BUILT_PRODUCTS_DIR)/RecipeHelper_MVVM.app/RecipeHelper_MVVM";
			};
			name = Debug;
		};
		A024868F27BA689C000A9D8A /* Release */ = {
			isa = XCBuildConfiguration;
			buildSettings = {
				ALWAYS_EMBED_SWIFT_STANDARD_LIBRARIES = YES;
				BUNDLE_LOADER = "$(TEST_HOST)";
				CODE_SIGN_STYLE = Automatic;
				CURRENT_PROJECT_VERSION = 1;
				DEVELOPMENT_TEAM = FH3L66WWHF;
				GENERATE_INFOPLIST_FILE = YES;
				IPHONEOS_DEPLOYMENT_TARGET = 15.2;
				MARKETING_VERSION = 1.0;
				PRODUCT_BUNDLE_IDENTIFIER = "appantik.RecipeHelper-MVVMTests";
				PRODUCT_NAME = "$(TARGET_NAME)";
				SWIFT_EMIT_LOC_STRINGS = NO;
				SWIFT_VERSION = 5.0;
				TARGETED_DEVICE_FAMILY = "1,2";
				TEST_HOST = "$(BUILT_PRODUCTS_DIR)/RecipeHelper_MVVM.app/RecipeHelper_MVVM";
			};
			name = Release;
		};
		A024869127BA689C000A9D8A /* Debug */ = {
			isa = XCBuildConfiguration;
			buildSettings = {
				ALWAYS_EMBED_SWIFT_STANDARD_LIBRARIES = YES;
				CODE_SIGN_STYLE = Automatic;
				CURRENT_PROJECT_VERSION = 1;
				DEVELOPMENT_TEAM = FH3L66WWHF;
				GENERATE_INFOPLIST_FILE = YES;
				MARKETING_VERSION = 1.0;
				PRODUCT_BUNDLE_IDENTIFIER = "appantik.RecipeHelper-MVVMUITests";
				PRODUCT_NAME = "$(TARGET_NAME)";
				SWIFT_EMIT_LOC_STRINGS = NO;
				SWIFT_VERSION = 5.0;
				TARGETED_DEVICE_FAMILY = "1,2";
				TEST_TARGET_NAME = RecipeHelper_MVVM;
			};
			name = Debug;
		};
		A024869227BA689C000A9D8A /* Release */ = {
			isa = XCBuildConfiguration;
			buildSettings = {
				ALWAYS_EMBED_SWIFT_STANDARD_LIBRARIES = YES;
				CODE_SIGN_STYLE = Automatic;
				CURRENT_PROJECT_VERSION = 1;
				DEVELOPMENT_TEAM = FH3L66WWHF;
				GENERATE_INFOPLIST_FILE = YES;
				MARKETING_VERSION = 1.0;
				PRODUCT_BUNDLE_IDENTIFIER = "appantik.RecipeHelper-MVVMUITests";
				PRODUCT_NAME = "$(TARGET_NAME)";
				SWIFT_EMIT_LOC_STRINGS = NO;
				SWIFT_VERSION = 5.0;
				TARGETED_DEVICE_FAMILY = "1,2";
				TEST_TARGET_NAME = RecipeHelper_MVVM;
			};
			name = Release;
		};
/* End XCBuildConfiguration section */

/* Begin XCConfigurationList section */
		A024865B27BA6898000A9D8A /* Build configuration list for PBXProject "RecipeHelper_MVVM" */ = {
			isa = XCConfigurationList;
			buildConfigurations = (
				A024868827BA689C000A9D8A /* Debug */,
				A024868927BA689C000A9D8A /* Release */,
			);
			defaultConfigurationIsVisible = 0;
			defaultConfigurationName = Release;
		};
		A024868A27BA689C000A9D8A /* Build configuration list for PBXNativeTarget "RecipeHelper_MVVM" */ = {
			isa = XCConfigurationList;
			buildConfigurations = (
				A024868B27BA689C000A9D8A /* Debug */,
				A024868C27BA689C000A9D8A /* Release */,
			);
			defaultConfigurationIsVisible = 0;
			defaultConfigurationName = Release;
		};
		A024868D27BA689C000A9D8A /* Build configuration list for PBXNativeTarget "RecipeHelper_MVVMTests" */ = {
			isa = XCConfigurationList;
			buildConfigurations = (
				A024868E27BA689C000A9D8A /* Debug */,
				A024868F27BA689C000A9D8A /* Release */,
			);
			defaultConfigurationIsVisible = 0;
			defaultConfigurationName = Release;
		};
		A024869027BA689C000A9D8A /* Build configuration list for PBXNativeTarget "RecipeHelper_MVVMUITests" */ = {
			isa = XCConfigurationList;
			buildConfigurations = (
				A024869127BA689C000A9D8A /* Debug */,
				A024869227BA689C000A9D8A /* Release */,
			);
			defaultConfigurationIsVisible = 0;
			defaultConfigurationName = Release;
		};
/* End XCConfigurationList section */
	};
	rootObject = A024865827BA6898000A9D8A /* Project object */;
}
